// !$*UTF8*$!
{
	archiveVersion = 1;
	classes = {
	};
	objectVersion = 50;
	objects = {

/* Begin PBXBuildFile section */
		D978DD1E778836DBE2C2561B /* Pods_Todoey.framework in Frameworks */ = {isa = PBXBuildFile; fileRef = 43350966627FD81742F15B44 /* Pods_Todoey.framework */; };
		FF18811B21F650E7005261B0 /* AppDelegate.swift in Sources */ = {isa = PBXBuildFile; fileRef = FF18811A21F650E7005261B0 /* AppDelegate.swift */; };
		FF18811D21F650E7005261B0 /* TodoListViewController.swift in Sources */ = {isa = PBXBuildFile; fileRef = FF18811C21F650E7005261B0 /* TodoListViewController.swift */; };
		FF18812021F650E7005261B0 /* Main.storyboard in Resources */ = {isa = PBXBuildFile; fileRef = FF18811E21F650E7005261B0 /* Main.storyboard */; };
		FF18812221F650E8005261B0 /* Assets.xcassets in Resources */ = {isa = PBXBuildFile; fileRef = FF18812121F650E8005261B0 /* Assets.xcassets */; };
		FF18812521F650E8005261B0 /* LaunchScreen.storyboard in Resources */ = {isa = PBXBuildFile; fileRef = FF18812321F650E8005261B0 /* LaunchScreen.storyboard */; };
		FF1AA12321FBD6430065262B /* CategoryViewController.swift in Sources */ = {isa = PBXBuildFile; fileRef = FF1AA12221FBD6430065262B /* CategoryViewController.swift */; };
		FF2F46A121FDD1AB008353D5 /* Category.swift in Sources */ = {isa = PBXBuildFile; fileRef = FF2F46A021FDD1AB008353D5 /* Category.swift */; };
		FF2F46A321FDD1B1008353D5 /* Item.swift in Sources */ = {isa = PBXBuildFile; fileRef = FF2F46A221FDD1B1008353D5 /* Item.swift */; };
/* End PBXBuildFile section */

/* Begin PBXFileReference section */
		42485E4132F8CF5E846623E5 /* Pods-Todoey.release.xcconfig */ = {isa = PBXFileReference; includeInIndex = 1; lastKnownFileType = text.xcconfig; name = "Pods-Todoey.release.xcconfig"; path = "Pods/Target Support Files/Pods-Todoey/Pods-Todoey.release.xcconfig"; sourceTree = "<group>"; };
		43350966627FD81742F15B44 /* Pods_Todoey.framework */ = {isa = PBXFileReference; explicitFileType = wrapper.framework; includeInIndex = 0; path = Pods_Todoey.framework; sourceTree = BUILT_PRODUCTS_DIR; };
		BFB0194066FEFA1CB1576DB5 /* Pods-Todoey.debug.xcconfig */ = {isa = PBXFileReference; includeInIndex = 1; lastKnownFileType = text.xcconfig; name = "Pods-Todoey.debug.xcconfig"; path = "Pods/Target Support Files/Pods-Todoey/Pods-Todoey.debug.xcconfig"; sourceTree = "<group>"; };
		FF18811721F650E7005261B0 /* Todoey.app */ = {isa = PBXFileReference; explicitFileType = wrapper.application; includeInIndex = 0; path = Todoey.app; sourceTree = BUILT_PRODUCTS_DIR; };
		FF18811A21F650E7005261B0 /* AppDelegate.swift */ = {isa = PBXFileReference; lastKnownFileType = sourcecode.swift; path = AppDelegate.swift; sourceTree = "<group>"; };
		FF18811C21F650E7005261B0 /* TodoListViewController.swift */ = {isa = PBXFileReference; lastKnownFileType = sourcecode.swift; path = TodoListViewController.swift; sourceTree = "<group>"; };
		FF18811F21F650E7005261B0 /* Base */ = {isa = PBXFileReference; lastKnownFileType = file.storyboard; name = Base; path = Base.lproj/Main.storyboard; sourceTree = "<group>"; };
		FF18812121F650E8005261B0 /* Assets.xcassets */ = {isa = PBXFileReference; lastKnownFileType = folder.assetcatalog; path = Assets.xcassets; sourceTree = "<group>"; };
		FF18812421F650E8005261B0 /* Base */ = {isa = PBXFileReference; lastKnownFileType = file.storyboard; name = Base; path = Base.lproj/LaunchScreen.storyboard; sourceTree = "<group>"; };
		FF18812621F650E8005261B0 /* Info.plist */ = {isa = PBXFileReference; lastKnownFileType = text.plist.xml; path = Info.plist; sourceTree = "<group>"; };
		FF1AA12221FBD6430065262B /* CategoryViewController.swift */ = {isa = PBXFileReference; lastKnownFileType = sourcecode.swift; path = CategoryViewController.swift; sourceTree = "<group>"; };
		FF2F46A021FDD1AB008353D5 /* Category.swift */ = {isa = PBXFileReference; lastKnownFileType = sourcecode.swift; path = Category.swift; sourceTree = "<group>"; };
		FF2F46A221FDD1B1008353D5 /* Item.swift */ = {isa = PBXFileReference; lastKnownFileType = sourcecode.swift; name = Item.swift; path = "/Users/marktousignant/Desktop/MyPlayground/Todoey/Todoey/Data Model/Item.swift"; sourceTree = "<absolute>"; };
/* End PBXFileReference section */

/* Begin PBXFrameworksBuildPhase section */
		FF18811421F650E7005261B0 /* Frameworks */ = {
			isa = PBXFrameworksBuildPhase;
			buildActionMask = 2147483647;
			files = (
				D978DD1E778836DBE2C2561B /* Pods_Todoey.framework in Frameworks */,
			);
			runOnlyForDeploymentPostprocessing = 0;
		};
/* End PBXFrameworksBuildPhase section */

/* Begin PBXGroup section */
		9EF3BC69C0ACBAB912D27FA1 /* Frameworks */ = {
			isa = PBXGroup;
			children = (
				43350966627FD81742F15B44 /* Pods_Todoey.framework */,
			);
			name = Frameworks;
			sourceTree = "<group>";
		};
		F49DE47DEA25022F73B994A7 /* Pods */ = {
			isa = PBXGroup;
			children = (
				BFB0194066FEFA1CB1576DB5 /* Pods-Todoey.debug.xcconfig */,
				42485E4132F8CF5E846623E5 /* Pods-Todoey.release.xcconfig */,
			);
			name = Pods;
			sourceTree = "<group>";
		};
		FF18810E21F650E7005261B0 = {
			isa = PBXGroup;
			children = (
				FF18811921F650E7005261B0 /* Todoey */,
				FF18811821F650E7005261B0 /* Products */,
				F49DE47DEA25022F73B994A7 /* Pods */,
				9EF3BC69C0ACBAB912D27FA1 /* Frameworks */,
			);
			sourceTree = "<group>";
		};
		FF18811821F650E7005261B0 /* Products */ = {
			isa = PBXGroup;
			children = (
				FF18811721F650E7005261B0 /* Todoey.app */,
			);
			name = Products;
			sourceTree = "<group>";
		};
		FF18811921F650E7005261B0 /* Todoey */ = {
			isa = PBXGroup;
			children = (
				FF18811A21F650E7005261B0 /* AppDelegate.swift */,
				FF4C1EA021F7DFBF001E8AF1 /* Controllers */,
				FF4C1EA121F7DFD0001E8AF1 /* Views */,
				FF4C1E9F21F7DF82001E8AF1 /* Data Model */,
				FF4C1EA221F7DFFB001E8AF1 /* Supporting Files */,
				FF18812621F650E8005261B0 /* Info.plist */,
			);
			path = Todoey;
			sourceTree = "<group>";
		};
		FF4C1E9F21F7DF82001E8AF1 /* Data Model */ = {
			isa = PBXGroup;
			children = (
				FF2F46A021FDD1AB008353D5 /* Category.swift */,
				FF2F46A221FDD1B1008353D5 /* Item.swift */,
			);
			path = "Data Model";
			sourceTree = "<group>";
		};
		FF4C1EA021F7DFBF001E8AF1 /* Controllers */ = {
			isa = PBXGroup;
			children = (
				FF1AA12221FBD6430065262B /* CategoryViewController.swift */,
				FF18811C21F650E7005261B0 /* TodoListViewController.swift */,
			);
			path = Controllers;
			sourceTree = "<group>";
		};
		FF4C1EA121F7DFD0001E8AF1 /* Views */ = {
			isa = PBXGroup;
			children = (
				FF18811E21F650E7005261B0 /* Main.storyboard */,
			);
			path = Views;
			sourceTree = "<group>";
		};
		FF4C1EA221F7DFFB001E8AF1 /* Supporting Files */ = {
			isa = PBXGroup;
			children = (
				FF18812121F650E8005261B0 /* Assets.xcassets */,
				FF18812321F650E8005261B0 /* LaunchScreen.storyboard */,
			);
			path = "Supporting Files";
			sourceTree = "<group>";
		};
/* End PBXGroup section */

/* Begin PBXNativeTarget section */
		FF18811621F650E7005261B0 /* Todoey */ = {
			isa = PBXNativeTarget;
			buildConfigurationList = FF18812921F650E8005261B0 /* Build configuration list for PBXNativeTarget "Todoey" */;
			buildPhases = (
				A27A815E4B785E1D71C989ED /* [CP] Check Pods Manifest.lock */,
				FF18811321F650E7005261B0 /* Sources */,
				FF18811421F650E7005261B0 /* Frameworks */,
				FF18811521F650E7005261B0 /* Resources */,
				85FC9F03B3F666FB3B57AC41 /* [CP] Embed Pods Frameworks */,
			);
			buildRules = (
			);
			dependencies = (
			);
			name = Todoey;
			productName = Todoey;
			productReference = FF18811721F650E7005261B0 /* Todoey.app */;
			productType = "com.apple.product-type.application";
		};
/* End PBXNativeTarget section */

/* Begin PBXProject section */
		FF18810F21F650E7005261B0 /* Project object */ = {
			isa = PBXProject;
			attributes = {
				LastSwiftUpdateCheck = 1010;
				LastUpgradeCheck = 1010;
				ORGANIZATIONNAME = "Mark Tousignant";
				TargetAttributes = {
					FF18811621F650E7005261B0 = {
						CreatedOnToolsVersion = 10.1;
					};
				};
			};
			buildConfigurationList = FF18811221F650E7005261B0 /* Build configuration list for PBXProject "Todoey" */;
			compatibilityVersion = "Xcode 9.3";
			developmentRegion = en;
			hasScannedForEncodings = 0;
			knownRegions = (
				en,
				Base,
			);
			mainGroup = FF18810E21F650E7005261B0;
			productRefGroup = FF18811821F650E7005261B0 /* Products */;
			projectDirPath = "";
			projectRoot = "";
			targets = (
				FF18811621F650E7005261B0 /* Todoey */,
			);
		};
/* End PBXProject section */

/* Begin PBXResourcesBuildPhase section */
		FF18811521F650E7005261B0 /* Resources */ = {
			isa = PBXResourcesBuildPhase;
			buildActionMask = 2147483647;
			files = (
				FF18812521F650E8005261B0 /* LaunchScreen.storyboard in Resources */,
				FF18812221F650E8005261B0 /* Assets.xcassets in Resources */,
				FF18812021F650E7005261B0 /* Main.storyboard in Resources */,
			);
			runOnlyForDeploymentPostprocessing = 0;
		};
/* End PBXResourcesBuildPhase section */

/* Begin PBXShellScriptBuildPhase section */
		85FC9F03B3F666FB3B57AC41 /* [CP] Embed Pods Frameworks */ = {
			isa = PBXShellScriptBuildPhase;
			buildActionMask = 2147483647;
			files = (
			);
			inputFileListPaths = (
			);
			inputPaths = (
				"${SRCROOT}/Pods/Target Support Files/Pods-Todoey/Pods-Todoey-frameworks.sh",
				"${BUILT_PRODUCTS_DIR}/Realm/Realm.framework",
				"${BUILT_PRODUCTS_DIR}/RealmSwift/RealmSwift.framework",
			);
			name = "[CP] Embed Pods Frameworks";
			outputFileListPaths = (
			);
			outputPaths = (
				"${TARGET_BUILD_DIR}/${FRAMEWORKS_FOLDER_PATH}/Realm.framework",
				"${TARGET_BUILD_DIR}/${FRAMEWORKS_FOLDER_PATH}/RealmSwift.framework",
			);
			runOnlyForDeploymentPostprocessing = 0;
			shellPath = /bin/sh;
			shellScript = "\"${SRCROOT}/Pods/Target Support Files/Pods-Todoey/Pods-Todoey-frameworks.sh\"\n";
			showEnvVarsInLog = 0;
		};
		A27A815E4B785E1D71C989ED /* [CP] Check Pods Manifest.lock */ = {
			isa = PBXShellScriptBuildPhase;
			buildActionMask = 2147483647;
			files = (
			);
			inputFileListPaths = (
			);
			inputPaths = (
				"${PODS_PODFILE_DIR_PATH}/Podfile.lock",
				"${PODS_ROOT}/Manifest.lock",
			);
			name = "[CP] Check Pods Manifest.lock";
			outputFileListPaths = (
			);
			outputPaths = (
				"$(DERIVED_FILE_DIR)/Pods-Todoey-checkManifestLockResult.txt",
			);
			runOnlyForDeploymentPostprocessing = 0;
			shellPath = /bin/sh;
			shellScript = "diff \"${PODS_PODFILE_DIR_PATH}/Podfile.lock\" \"${PODS_ROOT}/Manifest.lock\" > /dev/null\nif [ $? != 0 ] ; then\n    # print error to STDERR\n    echo \"error: The sandbox is not in sync with the Podfile.lock. Run 'pod install' or update your CocoaPods installation.\" >&2\n    exit 1\nfi\n# This output is used by Xcode 'outputs' to avoid re-running this script phase.\necho \"SUCCESS\" > \"${SCRIPT_OUTPUT_FILE_0}\"\n";
			showEnvVarsInLog = 0;
		};
/* End PBXShellScriptBuildPhase section */

/* Begin PBXSourcesBuildPhase section */
		FF18811321F650E7005261B0 /* Sources */ = {
			isa = PBXSourcesBuildPhase;
			buildActionMask = 2147483647;
			files = (
				FF1AA12321FBD6430065262B /* CategoryViewController.swift in Sources */,
				FF2F46A121FDD1AB008353D5 /* Category.swift in Sources */,
				FF18811D21F650E7005261B0 /* TodoListViewController.swift in Sources */,
				FF2F46A321FDD1B1008353D5 /* Item.swift in Sources */,
				FF18811B21F650E7005261B0 /* AppDelegate.swift in Sources */,
			);
			runOnlyForDeploymentPostprocessing = 0;
		};
/* End PBXSourcesBuildPhase section */

/* Begin PBXVariantGroup section */
		FF18811E21F650E7005261B0 /* Main.storyboard */ = {
			isa = PBXVariantGroup;
			children = (
				FF18811F21F650E7005261B0 /* Base */,
			);
			name = Main.storyboard;
			sourceTree = "<group>";
		};
		FF18812321F650E8005261B0 /* LaunchScreen.storyboard */ = {
			isa = PBXVariantGroup;
			children = (
				FF18812421F650E8005261B0 /* Base */,
			);
			name = LaunchScreen.storyboard;
			sourceTree = "<group>";
		};
/* End PBXVariantGroup section */

/* Begin XCBuildConfiguration section */
		FF18812721F650E8005261B0 /* Debug */ = {
			isa = XCBuildConfiguration;
			buildSettings = {
				ALWAYS_SEARCH_USER_PATHS = NO;
				CLANG_ANALYZER_NONNULL = YES;
				CLANG_ANALYZER_NUMBER_OBJECT_CONVERSION = YES_AGGRESSIVE;
				CLANG_CXX_LANGUAGE_STANDARD = "gnu++14";
				CLANG_CXX_LIBRARY = "libc++";
				CLANG_ENABLE_MODULES = YES;
				CLANG_ENABLE_OBJC_ARC = YES;
				CLANG_ENABLE_OBJC_WEAK = YES;
				CLANG_WARN_BLOCK_CAPTURE_AUTORELEASING = YES;
				CLANG_WARN_BOOL_CONVERSION = YES;
				CLANG_WARN_COMMA = YES;
				CLANG_WARN_CONSTANT_CONVERSION = YES;
				CLANG_WARN_DEPRECATED_OBJC_IMPLEMENTATIONS = YES;
				CLANG_WARN_DIRECT_OBJC_ISA_USAGE = YES_ERROR;
				CLANG_WARN_DOCUMENTATION_COMMENTS = YES;
				CLANG_WARN_EMPTY_BODY = YES;
				CLANG_WARN_ENUM_CONVERSION = YES;
				CLANG_WARN_INFINITE_RECURSION = YES;
				CLANG_WARN_INT_CONVERSION = YES;
				CLANG_WARN_NON_LITERAL_NULL_CONVERSION = YES;
				CLANG_WARN_OBJC_IMPLICIT_RETAIN_SELF = YES;
				CLANG_WARN_OBJC_LITERAL_CONVERSION = YES;
				CLANG_WARN_OBJC_ROOT_CLASS = YES_ERROR;
				CLANG_WARN_RANGE_LOOP_ANALYSIS = YES;
				CLANG_WARN_STRICT_PROTOTYPES = YES;
				CLANG_WARN_SUSPICIOUS_MOVE = YES;
				CLANG_WARN_UNGUARDED_AVAILABILITY = YES_AGGRESSIVE;
				CLANG_WARN_UNREACHABLE_CODE = YES;
				CLANG_WARN__DUPLICATE_METHOD_MATCH = YES;
				CODE_SIGN_IDENTITY = "iPhone Developer";
				COPY_PHASE_STRIP = NO;
				DEBUG_INFORMATION_FORMAT = dwarf;
				ENABLE_STRICT_OBJC_MSGSEND = YES;
				ENABLE_TESTABILITY = YES;
				GCC_C_LANGUAGE_STANDARD = gnu11;
				GCC_DYNAMIC_NO_PIC = NO;
				GCC_NO_COMMON_BLOCKS = YES;
				GCC_OPTIMIZATION_LEVEL = 0;
				GCC_PREPROCESSOR_DEFINITIONS = (
					"DEBUG=1",
					"$(inherited)",
				);
				GCC_WARN_64_TO_32_BIT_CONVERSION = YES;
				GCC_WARN_ABOUT_RETURN_TYPE = YES_ERROR;
				GCC_WARN_UNDECLARED_SELECTOR = YES;
				GCC_WARN_UNINITIALIZED_AUTOS = YES_AGGRESSIVE;
				GCC_WARN_UNUSED_FUNCTION = YES;
				GCC_WARN_UNUSED_VARIABLE = YES;
				IPHONEOS_DEPLOYMENT_TARGET = 12.1;
				MTL_ENABLE_DEBUG_INFO = INCLUDE_SOURCE;
				MTL_FAST_MATH = YES;
				ONLY_ACTIVE_ARCH = YES;
				SDKROOT = iphoneos;
				SWIFT_ACTIVE_COMPILATION_CONDITIONS = DEBUG;
				SWIFT_OPTIMIZATION_LEVEL = "-Onone";
			};
			name = Debug;
		};
		FF18812821F650E8005261B0 /* Release */ = {
			isa = XCBuildConfiguration;
			buildSettings = {
				ALWAYS_SEARCH_USER_PATHS = NO;
				CLANG_ANALYZER_NONNULL = YES;
				CLANG_ANALYZER_NUMBER_OBJECT_CONVERSION = YES_AGGRESSIVE;
				CLANG_CXX_LANGUAGE_STANDARD = "gnu++14";
				CLANG_CXX_LIBRARY = "libc++";
				CLANG_ENABLE_MODULES = YES;
				CLANG_ENABLE_OBJC_ARC = YES;
				CLANG_ENABLE_OBJC_WEAK = YES;
				CLANG_WARN_BLOCK_CAPTURE_AUTORELEASING = YES;
				CLANG_WARN_BOOL_CONVERSION = YES;
				CLANG_WARN_COMMA = YES;
				CLANG_WARN_CONSTANT_CONVERSION = YES;
				CLANG_WARN_DEPRECATED_OBJC_IMPLEMENTATIONS = YES;
				CLANG_WARN_DIRECT_OBJC_ISA_USAGE = YES_ERROR;
				CLANG_WARN_DOCUMENTATION_COMMENTS = YES;
				CLANG_WARN_EMPTY_BODY = YES;
				CLANG_WARN_ENUM_CONVERSION = YES;
				CLANG_WARN_INFINITE_RECURSION = YES;
				CLANG_WARN_INT_CONVERSION = YES;
				CLANG_WARN_NON_LITERAL_NULL_CONVERSION = YES;
				CLANG_WARN_OBJC_IMPLICIT_RETAIN_SELF = YES;
				CLANG_WARN_OBJC_LITERAL_CONVERSION = YES;
				CLANG_WARN_OBJC_ROOT_CLASS = YES_ERROR;
				CLANG_WARN_RANGE_LOOP_ANALYSIS = YES;
				CLANG_WARN_STRICT_PROTOTYPES = YES;
				CLANG_WARN_SUSPICIOUS_MOVE = YES;
				CLANG_WARN_UNGUARDED_AVAILABILITY = YES_AGGRESSIVE;
				CLANG_WARN_UNREACHABLE_CODE = YES;
				CLANG_WARN__DUPLICATE_METHOD_MATCH = YES;
				CODE_SIGN_IDENTITY = "iPhone Developer";
				COPY_PHASE_STRIP = NO;
				DEBUG_INFORMATION_FORMAT = "dwarf-with-dsym";
				ENABLE_NS_ASSERTIONS = NO;
				ENABLE_STRICT_OBJC_MSGSEND = YES;
				GCC_C_LANGUAGE_STANDARD = gnu11;
				GCC_NO_COMMON_BLOCKS = YES;
				GCC_WARN_64_TO_32_BIT_CONVERSION = YES;
				GCC_WARN_ABOUT_RETURN_TYPE = YES_ERROR;
				GCC_WARN_UNDECLARED_SELECTOR = YES;
				GCC_WARN_UNINITIALIZED_AUTOS = YES_AGGRESSIVE;
				GCC_WARN_UNUSED_FUNCTION = YES;
				GCC_WARN_UNUSED_VARIABLE = YES;
				IPHONEOS_DEPLOYMENT_TARGET = 12.1;
				MTL_ENABLE_DEBUG_INFO = NO;
				MTL_FAST_MATH = YES;
				SDKROOT = iphoneos;
				SWIFT_COMPILATION_MODE = wholemodule;
				SWIFT_OPTIMIZATION_LEVEL = "-O";
				VALIDATE_PRODUCT = YES;
			};
			name = Release;
		};
		FF18812A21F650E8005261B0 /* Debug */ = {
			isa = XCBuildConfiguration;
			baseConfigurationReference = BFB0194066FEFA1CB1576DB5 /* Pods-Todoey.debug.xcconfig */;
			buildSettings = {
				ASSETCATALOG_COMPILER_APPICON_NAME = AppIcon;
				CODE_SIGN_STYLE = Automatic;
				DEVELOPMENT_TEAM = 9XLFUA247K;
				INFOPLIST_FILE = Todoey/Info.plist;
				LD_RUNPATH_SEARCH_PATHS = (
					"$(inherited)",
					"@executable_path/Frameworks",
				);
				PRODUCT_BUNDLE_IDENTIFIER = com.marktousignant.Todoey;
				PRODUCT_NAME = "$(TARGET_NAME)";
				SWIFT_VERSION = 4.2;
				TARGETED_DEVICE_FAMILY = "1,2";
			};
			name = Debug;
		};
		FF18812B21F650E8005261B0 /* Release */ = {
			isa = XCBuildConfiguration;
			baseConfigurationReference = 42485E4132F8CF5E846623E5 /* Pods-Todoey.release.xcconfig */;
			buildSettings = {
				ASSETCATALOG_COMPILER_APPICON_NAME = AppIcon;
				CODE_SIGN_STYLE = Automatic;
				DEVELOPMENT_TEAM = 9XLFUA247K;
				INFOPLIST_FILE = Todoey/Info.plist;
				LD_RUNPATH_SEARCH_PATHS = (
					"$(inherited)",
					"@executable_path/Frameworks",
				);
				PRODUCT_BUNDLE_IDENTIFIER = com.marktousignant.Todoey;
				PRODUCT_NAME = "$(TARGET_NAME)";
				SWIFT_VERSION = 4.2;
				TARGETED_DEVICE_FAMILY = "1,2";
			};
			name = Release;
		};
/* End XCBuildConfiguration section */

/* Begin XCConfigurationList section */
		FF18811221F650E7005261B0 /* Build configuration list for PBXProject "Todoey" */ = {
			isa = XCConfigurationList;
			buildConfigurations = (
				FF18812721F650E8005261B0 /* Debug */,
				FF18812821F650E8005261B0 /* Release */,
			);
			defaultConfigurationIsVisible = 0;
			defaultConfigurationName = Release;
		};
		FF18812921F650E8005261B0 /* Build configuration list for PBXNativeTarget "Todoey" */ = {
			isa = XCConfigurationList;
			buildConfigurations = (
				FF18812A21F650E8005261B0 /* Debug */,
				FF18812B21F650E8005261B0 /* Release */,
			);
			defaultConfigurationIsVisible = 0;
			defaultConfigurationName = Release;
		};
/* End XCConfigurationList section */
	};
	rootObject = FF18810F21F650E7005261B0 /* Project object */;
}
